// !$*UTF8*$!
{
	archiveVersion = 1;
	classes = {
	};
	objectVersion = 50;
	objects = {

/* Begin PBXBuildFile section */
		A2848D0D25C9CA7A00E8CAE0 /* SoundWalkApp.swift in Sources */ = {isa = PBXBuildFile; fileRef = A2848D0C25C9CA7A00E8CAE0 /* SoundWalkApp.swift */; };
		A2848D0F25C9CA7A00E8CAE0 /* ContentView.swift in Sources */ = {isa = PBXBuildFile; fileRef = A2848D0E25C9CA7A00E8CAE0 /* ContentView.swift */; };
		A2848D1125C9CA7D00E8CAE0 /* Assets.xcassets in Resources */ = {isa = PBXBuildFile; fileRef = A2848D1025C9CA7D00E8CAE0 /* Assets.xcassets */; };
		A2848D1425C9CA7D00E8CAE0 /* Preview Assets.xcassets in Resources */ = {isa = PBXBuildFile; fileRef = A2848D1325C9CA7D00E8CAE0 /* Preview Assets.xcassets */; };
		A2848D2125C9CB0000E8CAE0 /* VideoVM.swift in Sources */ = {isa = PBXBuildFile; fileRef = A2848D2025C9CB0000E8CAE0 /* VideoVM.swift */; };
		A2848D2425C9CB2900E8CAE0 /* VideoModel.swift in Sources */ = {isa = PBXBuildFile; fileRef = A2848D2325C9CB2900E8CAE0 /* VideoModel.swift */; };
		A2848D2725C9CC6D00E8CAE0 /* AVPlayerView.swift in Sources */ = {isa = PBXBuildFile; fileRef = A2848D2625C9CC6D00E8CAE0 /* AVPlayerView.swift */; };
/* End PBXBuildFile section */

/* Begin PBXFileReference section */
		A2848D0925C9CA7A00E8CAE0 /* SoundWalk.app */ = {isa = PBXFileReference; explicitFileType = wrapper.application; includeInIndex = 0; path = SoundWalk.app; sourceTree = BUILT_PRODUCTS_DIR; };
		A2848D0C25C9CA7A00E8CAE0 /* SoundWalkApp.swift */ = {isa = PBXFileReference; lastKnownFileType = sourcecode.swift; path = SoundWalkApp.swift; sourceTree = "<group>"; };
		A2848D0E25C9CA7A00E8CAE0 /* ContentView.swift */ = {isa = PBXFileReference; lastKnownFileType = sourcecode.swift; path = ContentView.swift; sourceTree = "<group>"; };
		A2848D1025C9CA7D00E8CAE0 /* Assets.xcassets */ = {isa = PBXFileReference; lastKnownFileType = folder.assetcatalog; path = Assets.xcassets; sourceTree = "<group>"; };
		A2848D1325C9CA7D00E8CAE0 /* Preview Assets.xcassets */ = {isa = PBXFileReference; lastKnownFileType = folder.assetcatalog; path = "Preview Assets.xcassets"; sourceTree = "<group>"; };
		A2848D1525C9CA7D00E8CAE0 /* Info.plist */ = {isa = PBXFileReference; lastKnownFileType = text.plist.xml; path = Info.plist; sourceTree = "<group>"; };
		A2848D2025C9CB0000E8CAE0 /* VideoVM.swift */ = {isa = PBXFileReference; lastKnownFileType = sourcecode.swift; path = VideoVM.swift; sourceTree = "<group>"; };
		A2848D2325C9CB2900E8CAE0 /* VideoModel.swift */ = {isa = PBXFileReference; lastKnownFileType = sourcecode.swift; path = VideoModel.swift; sourceTree = "<group>"; };
		A2848D2625C9CC6D00E8CAE0 /* AVPlayerView.swift */ = {isa = PBXFileReference; lastKnownFileType = sourcecode.swift; path = AVPlayerView.swift; sourceTree = "<group>"; };
/* End PBXFileReference section */

/* Begin PBXFrameworksBuildPhase section */
		A2848D0625C9CA7A00E8CAE0 /* Frameworks */ = {
			isa = PBXFrameworksBuildPhase;
			buildActionMask = 2147483647;
			files = (
			);
			runOnlyForDeploymentPostprocessing = 0;
		};
/* End PBXFrameworksBuildPhase section */

/* Begin PBXGroup section */
		A2848D0025C9CA7A00E8CAE0 = {
			isa = PBXGroup;
			children = (
				A2848D0B25C9CA7A00E8CAE0 /* SoundWalk */,
				A2848D0A25C9CA7A00E8CAE0 /* Products */,
			);
			sourceTree = "<group>";
		};
		A2848D0A25C9CA7A00E8CAE0 /* Products */ = {
			isa = PBXGroup;
			children = (
				A2848D0925C9CA7A00E8CAE0 /* SoundWalk.app */,
			);
			name = Products;
			sourceTree = "<group>";
		};
		A2848D0B25C9CA7A00E8CAE0 /* SoundWalk */ = {
			isa = PBXGroup;
			children = (
				A2848D1F25C9CAD600E8CAE0 /* Model */,
				A2848D1E25C9CACD00E8CAE0 /* VM */,
				A2848D1D25C9CAC700E8CAE0 /* View */,
				A2848D0C25C9CA7A00E8CAE0 /* SoundWalkApp.swift */,
				A2848D1025C9CA7D00E8CAE0 /* Assets.xcassets */,
				A2848D1525C9CA7D00E8CAE0 /* Info.plist */,
				A2848D1225C9CA7D00E8CAE0 /* Preview Content */,
			);
			path = SoundWalk;
			sourceTree = "<group>";
		};
		A2848D1225C9CA7D00E8CAE0 /* Preview Content */ = {
			isa = PBXGroup;
			children = (
				A2848D1325C9CA7D00E8CAE0 /* Preview Assets.xcassets */,
			);
			path = "Preview Content";
			sourceTree = "<group>";
		};
		A2848D1D25C9CAC700E8CAE0 /* View */ = {
			isa = PBXGroup;
			children = (
				A2848D0E25C9CA7A00E8CAE0 /* ContentView.swift */,
				A2848D2625C9CC6D00E8CAE0 /* AVPlayerView.swift */,
			);
			path = View;
			sourceTree = "<group>";
		};
		A2848D1E25C9CACD00E8CAE0 /* VM */ = {
			isa = PBXGroup;
			children = (
				A2848D2025C9CB0000E8CAE0 /* VideoVM.swift */,
			);
			path = VM;
			sourceTree = "<group>";
		};
		A2848D1F25C9CAD600E8CAE0 /* Model */ = {
			isa = PBXGroup;
			children = (
				A2848D2325C9CB2900E8CAE0 /* VideoModel.swift */,
			);
			path = Model;
			sourceTree = "<group>";
		};
/* End PBXGroup section */

/* Begin PBXNativeTarget section */
		A2848D0825C9CA7A00E8CAE0 /* SoundWalk */ = {
			isa = PBXNativeTarget;
			buildConfigurationList = A2848D1825C9CA7D00E8CAE0 /* Build configuration list for PBXNativeTarget "SoundWalk" */;
			buildPhases = (
				A2848D0525C9CA7A00E8CAE0 /* Sources */,
				A2848D0625C9CA7A00E8CAE0 /* Frameworks */,
				A2848D0725C9CA7A00E8CAE0 /* Resources */,
			);
			buildRules = (
			);
			dependencies = (
			);
			name = SoundWalk;
			productName = SoundWalk;
			productReference = A2848D0925C9CA7A00E8CAE0 /* SoundWalk.app */;
			productType = "com.apple.product-type.application";
		};
/* End PBXNativeTarget section */

/* Begin PBXProject section */
		A2848D0125C9CA7A00E8CAE0 /* Project object */ = {
			isa = PBXProject;
			attributes = {
				LastSwiftUpdateCheck = 1240;
				LastUpgradeCheck = 1240;
				TargetAttributes = {
					A2848D0825C9CA7A00E8CAE0 = {
						CreatedOnToolsVersion = 12.4;
					};
				};
			};
			buildConfigurationList = A2848D0425C9CA7A00E8CAE0 /* Build configuration list for PBXProject "SoundWalk" */;
			compatibilityVersion = "Xcode 9.3";
			developmentRegion = en;
			hasScannedForEncodings = 0;
			knownRegions = (
				en,
				Base,
			);
			mainGroup = A2848D0025C9CA7A00E8CAE0;
			productRefGroup = A2848D0A25C9CA7A00E8CAE0 /* Products */;
			projectDirPath = "";
			projectRoot = "";
			targets = (
				A2848D0825C9CA7A00E8CAE0 /* SoundWalk */,
			);
		};
/* End PBXProject section */

/* Begin PBXResourcesBuildPhase section */
		A2848D0725C9CA7A00E8CAE0 /* Resources */ = {
			isa = PBXResourcesBuildPhase;
			buildActionMask = 2147483647;
			files = (
				A2848D1425C9CA7D00E8CAE0 /* Preview Assets.xcassets in Resources */,
				A2848D1125C9CA7D00E8CAE0 /* Assets.xcassets in Resources */,
			);
			runOnlyForDeploymentPostprocessing = 0;
		};
/* End PBXResourcesBuildPhase section */

/* Begin PBXSourcesBuildPhase section */
		A2848D0525C9CA7A00E8CAE0 /* Sources */ = {
			isa = PBXSourcesBuildPhase;
			buildActionMask = 2147483647;
			files = (
				A2848D2125C9CB0000E8CAE0 /* VideoVM.swift in Sources */,
				A2848D0F25C9CA7A00E8CAE0 /* ContentView.swift in Sources */,
				A2848D0D25C9CA7A00E8CAE0 /* SoundWalkApp.swift in Sources */,
				A2848D2425C9CB2900E8CAE0 /* VideoModel.swift in Sources */,
				A2848D2725C9CC6D00E8CAE0 /* AVPlayerView.swift in Sources */,
			);
			runOnlyForDeploymentPostprocessing = 0;
		};
/* End PBXSourcesBuildPhase section */

/* Begin XCBuildConfiguration section */
		A2848D1625C9CA7D00E8CAE0 /* Debug */ = {
			isa = XCBuildConfiguration;
			buildSettings = {
				ALWAYS_SEARCH_USER_PATHS = NO;
				CLANG_ANALYZER_NONNULL = YES;
				CLANG_ANALYZER_NUMBER_OBJECT_CONVERSION = YES_AGGRESSIVE;
				CLANG_CXX_LANGUAGE_STANDARD = "gnu++14";
				CLANG_CXX_LIBRARY = "libc++";
				CLANG_ENABLE_MODULES = YES;
				CLANG_ENABLE_OBJC_ARC = YES;
				CLANG_ENABLE_OBJC_WEAK = YES;
				CLANG_WARN_BLOCK_CAPTURE_AUTORELEASING = YES;
				CLANG_WARN_BOOL_CONVERSION = YES;
				CLANG_WARN_COMMA = YES;
				CLANG_WARN_CONSTANT_CONVERSION = YES;
				CLANG_WARN_DEPRECATED_OBJC_IMPLEMENTATIONS = YES;
				CLANG_WARN_DIRECT_OBJC_ISA_USAGE = YES_ERROR;
				CLANG_WARN_DOCUMENTATION_COMMENTS = YES;
				CLANG_WARN_EMPTY_BODY = YES;
				CLANG_WARN_ENUM_CONVERSION = YES;
				CLANG_WARN_INFINITE_RECURSION = YES;
				CLANG_WARN_INT_CONVERSION = YES;
				CLANG_WARN_NON_LITERAL_NULL_CONVERSION = YES;
				CLANG_WARN_OBJC_IMPLICIT_RETAIN_SELF = YES;
				CLANG_WARN_OBJC_LITERAL_CONVERSION = YES;
				CLANG_WARN_OBJC_ROOT_CLASS = YES_ERROR;
				CLANG_WARN_QUOTED_INCLUDE_IN_FRAMEWORK_HEADER = YES;
				CLANG_WARN_RANGE_LOOP_ANALYSIS = YES;
				CLANG_WARN_STRICT_PROTOTYPES = YES;
				CLANG_WARN_SUSPICIOUS_MOVE = YES;
				CLANG_WARN_UNGUARDED_AVAILABILITY = YES_AGGRESSIVE;
				CLANG_WARN_UNREACHABLE_CODE = YES;
				CLANG_WARN__DUPLICATE_METHOD_MATCH = YES;
				COPY_PHASE_STRIP = NO;
				DEBUG_INFORMATION_FORMAT = dwarf;
				ENABLE_STRICT_OBJC_MSGSEND = YES;
				ENABLE_TESTABILITY = YES;
				GCC_C_LANGUAGE_STANDARD = gnu11;
				GCC_DYNAMIC_NO_PIC = NO;
				GCC_NO_COMMON_BLOCKS = YES;
				GCC_OPTIMIZATION_LEVEL = 0;
				GCC_PREPROCESSOR_DEFINITIONS = (
					"DEBUG=1",
					"$(inherited)",
				);
				GCC_WARN_64_TO_32_BIT_CONVERSION = YES;
				GCC_WARN_ABOUT_RETURN_TYPE = YES_ERROR;
				GCC_WARN_UNDECLARED_SELECTOR = YES;
				GCC_WARN_UNINITIALIZED_AUTOS = YES_AGGRESSIVE;
				GCC_WARN_UNUSED_FUNCTION = YES;
				GCC_WARN_UNUSED_VARIABLE = YES;
				IPHONEOS_DEPLOYMENT_TARGET = 14.4;
				MTL_ENABLE_DEBUG_INFO = INCLUDE_SOURCE;
				MTL_FAST_MATH = YES;
				ONLY_ACTIVE_ARCH = YES;
				SDKROOT = iphoneos;
				SWIFT_ACTIVE_COMPILATION_CONDITIONS = DEBUG;
				SWIFT_OPTIMIZATION_LEVEL = "-Onone";
			};
			name = Debug;
		};
		A2848D1725C9CA7D00E8CAE0 /* Release */ = {
			isa = XCBuildConfiguration;
			buildSettings = {
				ALWAYS_SEARCH_USER_PATHS = NO;
				CLANG_ANALYZER_NONNULL = YES;
				CLANG_ANALYZER_NUMBER_OBJECT_CONVERSION = YES_AGGRESSIVE;
				CLANG_CXX_LANGUAGE_STANDARD = "gnu++14";
				CLANG_CXX_LIBRARY = "libc++";
				CLANG_ENABLE_MODULES = YES;
				CLANG_ENABLE_OBJC_ARC = YES;
				CLANG_ENABLE_OBJC_WEAK = YES;
				CLANG_WARN_BLOCK_CAPTURE_AUTORELEASING = YES;
				CLANG_WARN_BOOL_CONVERSION = YES;
				CLANG_WARN_COMMA = YES;
				CLANG_WARN_CONSTANT_CONVERSION = YES;
				CLANG_WARN_DEPRECATED_OBJC_IMPLEMENTATIONS = YES;
				CLANG_WARN_DIRECT_OBJC_ISA_USAGE = YES_ERROR;
				CLANG_WARN_DOCUMENTATION_COMMENTS = YES;
				CLANG_WARN_EMPTY_BODY = YES;
				CLANG_WARN_ENUM_CONVERSION = YES;
				CLANG_WARN_INFINITE_RECURSION = YES;
				CLANG_WARN_INT_CONVERSION = YES;
				CLANG_WARN_NON_LITERAL_NULL_CONVERSION = YES;
				CLANG_WARN_OBJC_IMPLICIT_RETAIN_SELF = YES;
				CLANG_WARN_OBJC_LITERAL_CONVERSION = YES;
				CLANG_WARN_OBJC_ROOT_CLASS = YES_ERROR;
				CLANG_WARN_QUOTED_INCLUDE_IN_FRAMEWORK_HEADER = YES;
				CLANG_WARN_RANGE_LOOP_ANALYSIS = YES;
				CLANG_WARN_STRICT_PROTOTYPES = YES;
				CLANG_WARN_SUSPICIOUS_MOVE = YES;
				CLANG_WARN_UNGUARDED_AVAILABILITY = YES_AGGRESSIVE;
				CLANG_WARN_UNREACHABLE_CODE = YES;
				CLANG_WARN__DUPLICATE_METHOD_MATCH = YES;
				COPY_PHASE_STRIP = NO;
				DEBUG_INFORMATION_FORMAT = "dwarf-with-dsym";
				ENABLE_NS_ASSERTIONS = NO;
				ENABLE_STRICT_OBJC_MSGSEND = YES;
				GCC_C_LANGUAGE_STANDARD = gnu11;
				GCC_NO_COMMON_BLOCKS = YES;
				GCC_WARN_64_TO_32_BIT_CONVERSION = YES;
				GCC_WARN_ABOUT_RETURN_TYPE = YES_ERROR;
				GCC_WARN_UNDECLARED_SELECTOR = YES;
				GCC_WARN_UNINITIALIZED_AUTOS = YES_AGGRESSIVE;
				GCC_WARN_UNUSED_FUNCTION = YES;
				GCC_WARN_UNUSED_VARIABLE = YES;
				IPHONEOS_DEPLOYMENT_TARGET = 14.4;
				MTL_ENABLE_DEBUG_INFO = NO;
				MTL_FAST_MATH = YES;
				SDKROOT = iphoneos;
				SWIFT_COMPILATION_MODE = wholemodule;
				SWIFT_OPTIMIZATION_LEVEL = "-O";
				VALIDATE_PRODUCT = YES;
			};
			name = Release;
		};
		A2848D1925C9CA7D00E8CAE0 /* Debug */ = {
			isa = XCBuildConfiguration;
			buildSettings = {
				ASSETCATALOG_COMPILER_APPICON_NAME = AppIcon;
				ASSETCATALOG_COMPILER_GLOBAL_ACCENT_COLOR_NAME = AccentColor;
				CODE_SIGN_STYLE = Automatic;
				DEVELOPMENT_ASSET_PATHS = "\"SoundWalk/Preview Content\"";
				DEVELOPMENT_TEAM = 28D96R6DP3;
				ENABLE_PREVIEWS = YES;
				INFOPLIST_FILE = SoundWalk/Info.plist;
				IPHONEOS_DEPLOYMENT_TARGET = 14.0;
				LD_RUNPATH_SEARCH_PATHS = (
					"$(inherited)",
					"@executable_path/Frameworks",
				);
				PRODUCT_BUNDLE_IDENTIFIER = MarusaHrobat.SoundWalk;
				PRODUCT_NAME = "$(TARGET_NAME)";
				SWIFT_VERSION = 5.0;
				TARGETED_DEVICE_FAMILY = "1,2";
			};
			name = Debug;
		};
		A2848D1A25C9CA7D00E8CAE0 /* Release */ = {
			isa = XCBuildConfiguration;
			buildSettings = {
				ASSETCATALOG_COMPILER_APPICON_NAME = AppIcon;
				ASSETCATALOG_COMPILER_GLOBAL_ACCENT_COLOR_NAME = AccentColor;
				CODE_SIGN_STYLE = Automatic;
				DEVELOPMENT_ASSET_PATHS = "\"SoundWalk/Preview Content\"";
				DEVELOPMENT_TEAM = 28D96R6DP3;
				ENABLE_PREVIEWS = YES;
				INFOPLIST_FILE = SoundWalk/Info.plist;
				IPHONEOS_DEPLOYMENT_TARGET = 14.0;
				LD_RUNPATH_SEARCH_PATHS = (
					"$(inherited)",
					"@executable_path/Frameworks",
				);
				PRODUCT_BUNDLE_IDENTIFIER = MarusaHrobat.SoundWalk;
				PRODUCT_NAME = "$(TARGET_NAME)";
				SWIFT_VERSION = 5.0;
				TARGETED_DEVICE_FAMILY = "1,2";
			};
			name = Release;
		};
/* End XCBuildConfiguration section */

/* Begin XCConfigurationList section */
		A2848D0425C9CA7A00E8CAE0 /* Build configuration list for PBXProject "SoundWalk" */ = {
			isa = XCConfigurationList;
			buildConfigurations = (
				A2848D1625C9CA7D00E8CAE0 /* Debug */,
				A2848D1725C9CA7D00E8CAE0 /* Release */,
			);
			defaultConfigurationIsVisible = 0;
			defaultConfigurationName = Release;
		};
		A2848D1825C9CA7D00E8CAE0 /* Build configuration list for PBXNativeTarget "SoundWalk" */ = {
			isa = XCConfigurationList;
			buildConfigurations = (
				A2848D1925C9CA7D00E8CAE0 /* Debug */,
				A2848D1A25C9CA7D00E8CAE0 /* Release */,
			);
			defaultConfigurationIsVisible = 0;
			defaultConfigurationName = Release;
		};
/* End XCConfigurationList section */
	};
	rootObject = A2848D0125C9CA7A00E8CAE0 /* Project object */;
}
